featurization:
  cmd: python code/featurization.py
  deps:
  - path: code/featurization.py
    md5: e570a5b45022e46e9d6ad9cd6f2a1887
  - path: data/test_data.csv
    md5: c807df8d6d804ab2647fc15c3d40f543
  - path: data/train_data.csv
    md5: 5b49cf1b57fb9d6102b559d59d99df7c
  outs:
  - path: data/norm_params.json
    md5: e46984ac8b7097bfddfe5d9210f78ca4
  - path: data/processed_test_data.npy
    md5: a5257a91e73920bdd4cafd0f88105b74
  - path: data/processed_train_data.npy
    md5: 9ee0468925c998fda26d197a14d1caec
training:
  cmd: python code/train_model.py
  deps:
  - path: code/train_model.py
    md5: 085905e5edd775a1f22020afd27c9db9
  - path: data/processed_train_data.npy
    md5: 9ee0468925c998fda26d197a14d1caec
  outs:
  - path: data/model.pkl
    md5: 9478080f0fbb832aaa6fc388104934c8
  - path: metrics/train_metric.json
    md5: fbdffebcb183d15c4a9da68a2b3bb3e3
eval:
  cmd: python code/eval.py
  deps:
  - path: code/eval.py
    md5: 589210c86a4900cbd77631bea4db031b
  - path: data/model.pkl
    md5: 9478080f0fbb832aaa6fc388104934c8
  - path: data/processed_test_data.npy
    md5: a5257a91e73920bdd4cafd0f88105b74
  outs:
  - path: metrics/eval.json
    md5: 6fbeac920d67c372cd638bd7af33095d
